# (C) Copyright IBM Corporation 2019, 2021
#
# Licensed under the Apache License, Version 2.0 (the "License");
# you may not use this file except in compliance with the License.
# You may obtain a copy of the License at
#
# http://www.apache.org/licenses/LICENSE-2.0
#
# Unless required by applicable law or agreed to in writing, software
# distributed under the License is distributed on an "AS IS" BASIS,
# WITHOUT WARRANTIES OR CONDITIONS OF ANY KIND, either express or implied.
# See the License for the specific language governing permissions and
# limitations under the License.
apiVersion: storage.k8s.io/v1
kind: StorageClass
metadata:
  name: ibmc-block-custom-storageclass
  labels:
    app: ibmcloud-block-storage-plugin
    chart: ibmcloud-block-storage-plugin-1.5.0
    heritage: Tiller
    release: release-name
  resourceVersion: "1609"
parameters:
  billingType: hourly
  classVersion: "2"
  fsType: ext4
  iopsPerGB: "2"
  sizeRange: '[20-12000]Gi'
  type: Endurance
provisioner: ibm.io/ibmc-block
reclaimPolicy: Delete
volumeBindingMode: Immediate
